
Microsoft Visual Studio Solution File, Format Version 12.00
# Visual Studio Version 16
VisualStudioVersion = 16.0.31911.196
MinimumVisualStudioVersion = 10.0.40219.1
Project("{FAE04EC0-301F-11D3-BF4B-00C04F79EFBC}") = "HumanResourceManagement", "HumanResourceManagement\HumanResourceManagement.csproj", "{B04730AF-BAA5-460D-A01D-333BAFD52041}"
EndProject
Global
	GlobalSection(SolutionConfigurationPlatforms) = preSolution
		Debug|Any CPU = Debug|Any CPU
		Release|Any CPU = Release|Any CPU
	EndGlobalSection
	GlobalSection(ProjectConfigurationPlatforms) = postSolution
		{B04730AF-BAA5-460D-A01D-333BAFD52041}.Debug|Any CPU.ActiveCfg = Debug|Any CPU
		{B04730AF-BAA5-460D-A01D-333BAFD52041}.Debug|Any CPU.Build.0 = Debug|Any CPU
		{B04730AF-BAA5-460D-A01D-333BAFD52041}.Release|Any CPU.ActiveCfg = Release|Any CPU
		{B04730AF-BAA5-460D-A01D-333BAFD52041}.Release|Any CPU.Build.0 = Release|Any CPU
	EndGlobalSection
	GlobalSection(SolutionProperties) = preSolution
		HideSolutionNode = FALSE
	EndGlobalSection
	GlobalSection(ExtensibilityGlobals) = postSolution
		SolutionGuid = {BC27B033-0D0A-4A29-9B5B-E98EF47FD647}
	EndGlobalSection
EndGlobal
